
Microsoft Visual Studio Solution File, Format Version 12.00
# Visual Studio Version 17
VisualStudioVersion = 17.0.31903.59
MinimumVisualStudioVersion = 10.0.40219.1
Project("{2150E333-8FDC-42A3-9474-1A3956D46DE8}") = "src", "src", "{28B16595-640D-445C-87AB-301421470F5D}"
EndProject
Project("{FAE04EC0-301F-11D3-BF4B-00C04F79EFBC}") = "eWebShop.Clients", "src\eWebShop.Clients\eWebShop.Clients.csproj", "{277E72E0-A840-4C30-B0E0-F3AF74AA4BC1}"
EndProject
Project("{2150E333-8FDC-42A3-9474-1A3956D46DE8}") = "definitions", "definitions", "{2A0BB34D-56C8-4642-93E0-488A324DC70F}"
	ProjectSection(SolutionItems) = preProject
		src\openapi.yaml = src\openapi.yaml
	EndProjectSection
EndProject
Project("{FAE04EC0-301F-11D3-BF4B-00C04F79EFBC}") = "eWebShop.Service.Host", "src\eWebShop.Service.Host\eWebShop.Service.Host.csproj", "{2BA28D29-2BD5-41BE-BB0F-2C14843B9742}"
EndProject
Project("{FAE04EC0-301F-11D3-BF4B-00C04F79EFBC}") = "eWebShop.Application", "src\eWebShop.Application\eWebShop.Application.csproj", "{0D061491-D159-4510-A2C5-BCE25803979F}"
EndProject
Project("{FAE04EC0-301F-11D3-BF4B-00C04F79EFBC}") = "eWebShop.Domain", "src\eWebShop.Domain\eWebShop.Domain.csproj", "{8B5B658A-DB93-4B88-9714-5CDB6340D132}"
EndProject
Project("{2150E333-8FDC-42A3-9474-1A3956D46DE8}") = "front", "front", "{603C4769-1B63-48A4-83A3-210B5E1E9254}"
EndProject
Project("{2150E333-8FDC-42A3-9474-1A3956D46DE8}") = "services", "services", "{70EA8306-88C3-4641-B56A-A2474408B8BA}"
EndProject
Project("{2150E333-8FDC-42A3-9474-1A3956D46DE8}") = "application", "application", "{9EBED694-BB05-4F10-97EB-87C9A7E8D1F8}"
EndProject
Project("{2150E333-8FDC-42A3-9474-1A3956D46DE8}") = "shared", "shared", "{29264790-A62D-4AD6-8693-C43D0374C317}"
EndProject
Project("{FAE04EC0-301F-11D3-BF4B-00C04F79EFBC}") = "eWebShop.Web", "src\eWebShop.Web\eWebShop.Web\eWebShop.Web.csproj", "{D2F0AFA6-64CA-47B7-9893-3909E31B10D6}"
EndProject
Project("{FAE04EC0-301F-11D3-BF4B-00C04F79EFBC}") = "eWebShop.Web.Client", "src\eWebShop.Web\eWebShop.Web.Client\eWebShop.Web.Client.csproj", "{DBC32A89-D445-45B6-8A1A-73D14DCF0554}"
EndProject
Project("{FAE04EC0-301F-11D3-BF4B-00C04F79EFBC}") = "eWebShop.Mobile", "src\eWebShop.Mobile\eWebShop.Mobile.csproj", "{E664A1F4-103C-44F3-BD3C-DE4E2AA05A85}"
EndProject
Project("{FAE04EC0-301F-11D3-BF4B-00C04F79EFBC}") = "eWebShop.MVC", "src\eWebShop.MVC\eWebShop.MVC.csproj", "{AFC79C7A-1E87-4A2C-BB27-06A9394F6B4A}"
EndProject
Project("{FAE04EC0-301F-11D3-BF4B-00C04F79EFBC}") = "eWebShop.Database", "src\eWebShop.Database\eWebShop.Database.csproj", "{EC3DE538-9402-4825-9CCC-87C5AD2F2AC1}"
EndProject
Global
	GlobalSection(SolutionConfigurationPlatforms) = preSolution
		Debug|Any CPU = Debug|Any CPU
		Release|Any CPU = Release|Any CPU
	EndGlobalSection
	GlobalSection(ProjectConfigurationPlatforms) = postSolution
		{277E72E0-A840-4C30-B0E0-F3AF74AA4BC1}.Debug|Any CPU.ActiveCfg = Debug|Any CPU
		{277E72E0-A840-4C30-B0E0-F3AF74AA4BC1}.Debug|Any CPU.Build.0 = Debug|Any CPU
		{277E72E0-A840-4C30-B0E0-F3AF74AA4BC1}.Release|Any CPU.ActiveCfg = Release|Any CPU
		{277E72E0-A840-4C30-B0E0-F3AF74AA4BC1}.Release|Any CPU.Build.0 = Release|Any CPU
		{2BA28D29-2BD5-41BE-BB0F-2C14843B9742}.Debug|Any CPU.ActiveCfg = Debug|Any CPU
		{2BA28D29-2BD5-41BE-BB0F-2C14843B9742}.Debug|Any CPU.Build.0 = Debug|Any CPU
		{2BA28D29-2BD5-41BE-BB0F-2C14843B9742}.Release|Any CPU.ActiveCfg = Release|Any CPU
		{2BA28D29-2BD5-41BE-BB0F-2C14843B9742}.Release|Any CPU.Build.0 = Release|Any CPU
		{0D061491-D159-4510-A2C5-BCE25803979F}.Debug|Any CPU.ActiveCfg = Debug|Any CPU
		{0D061491-D159-4510-A2C5-BCE25803979F}.Debug|Any CPU.Build.0 = Debug|Any CPU
		{0D061491-D159-4510-A2C5-BCE25803979F}.Release|Any CPU.ActiveCfg = Release|Any CPU
		{0D061491-D159-4510-A2C5-BCE25803979F}.Release|Any CPU.Build.0 = Release|Any CPU
		{8B5B658A-DB93-4B88-9714-5CDB6340D132}.Debug|Any CPU.ActiveCfg = Debug|Any CPU
		{8B5B658A-DB93-4B88-9714-5CDB6340D132}.Debug|Any CPU.Build.0 = Debug|Any CPU
		{8B5B658A-DB93-4B88-9714-5CDB6340D132}.Release|Any CPU.ActiveCfg = Release|Any CPU
		{8B5B658A-DB93-4B88-9714-5CDB6340D132}.Release|Any CPU.Build.0 = Release|Any CPU
		{D2F0AFA6-64CA-47B7-9893-3909E31B10D6}.Debug|Any CPU.ActiveCfg = Debug|Any CPU
		{D2F0AFA6-64CA-47B7-9893-3909E31B10D6}.Debug|Any CPU.Build.0 = Debug|Any CPU
		{D2F0AFA6-64CA-47B7-9893-3909E31B10D6}.Release|Any CPU.ActiveCfg = Release|Any CPU
		{D2F0AFA6-64CA-47B7-9893-3909E31B10D6}.Release|Any CPU.Build.0 = Release|Any CPU
		{DBC32A89-D445-45B6-8A1A-73D14DCF0554}.Debug|Any CPU.ActiveCfg = Debug|Any CPU
		{DBC32A89-D445-45B6-8A1A-73D14DCF0554}.Debug|Any CPU.Build.0 = Debug|Any CPU
		{DBC32A89-D445-45B6-8A1A-73D14DCF0554}.Release|Any CPU.ActiveCfg = Release|Any CPU
		{DBC32A89-D445-45B6-8A1A-73D14DCF0554}.Release|Any CPU.Build.0 = Release|Any CPU
		{E664A1F4-103C-44F3-BD3C-DE4E2AA05A85}.Debug|Any CPU.ActiveCfg = Debug|Any CPU
		{E664A1F4-103C-44F3-BD3C-DE4E2AA05A85}.Debug|Any CPU.Build.0 = Debug|Any CPU
		{E664A1F4-103C-44F3-BD3C-DE4E2AA05A85}.Debug|Any CPU.Deploy.0 = Debug|Any CPU
		{E664A1F4-103C-44F3-BD3C-DE4E2AA05A85}.Release|Any CPU.ActiveCfg = Release|Any CPU
		{E664A1F4-103C-44F3-BD3C-DE4E2AA05A85}.Release|Any CPU.Build.0 = Release|Any CPU
		{E664A1F4-103C-44F3-BD3C-DE4E2AA05A85}.Release|Any CPU.Deploy.0 = Release|Any CPU
		{AFC79C7A-1E87-4A2C-BB27-06A9394F6B4A}.Debug|Any CPU.ActiveCfg = Debug|Any CPU
		{AFC79C7A-1E87-4A2C-BB27-06A9394F6B4A}.Debug|Any CPU.Build.0 = Debug|Any CPU
		{AFC79C7A-1E87-4A2C-BB27-06A9394F6B4A}.Release|Any CPU.ActiveCfg = Release|Any CPU
		{AFC79C7A-1E87-4A2C-BB27-06A9394F6B4A}.Release|Any CPU.Build.0 = Release|Any CPU
		{EC3DE538-9402-4825-9CCC-87C5AD2F2AC1}.Debug|Any CPU.ActiveCfg = Debug|Any CPU
		{EC3DE538-9402-4825-9CCC-87C5AD2F2AC1}.Debug|Any CPU.Build.0 = Debug|Any CPU
		{EC3DE538-9402-4825-9CCC-87C5AD2F2AC1}.Release|Any CPU.ActiveCfg = Release|Any CPU
		{EC3DE538-9402-4825-9CCC-87C5AD2F2AC1}.Release|Any CPU.Build.0 = Release|Any CPU
	EndGlobalSection
	GlobalSection(SolutionProperties) = preSolution
		HideSolutionNode = FALSE
	EndGlobalSection
	GlobalSection(NestedProjects) = preSolution
		{277E72E0-A840-4C30-B0E0-F3AF74AA4BC1} = {29264790-A62D-4AD6-8693-C43D0374C317}
		{2BA28D29-2BD5-41BE-BB0F-2C14843B9742} = {70EA8306-88C3-4641-B56A-A2474408B8BA}
		{0D061491-D159-4510-A2C5-BCE25803979F} = {9EBED694-BB05-4F10-97EB-87C9A7E8D1F8}
		{8B5B658A-DB93-4B88-9714-5CDB6340D132} = {9EBED694-BB05-4F10-97EB-87C9A7E8D1F8}
		{603C4769-1B63-48A4-83A3-210B5E1E9254} = {28B16595-640D-445C-87AB-301421470F5D}
		{70EA8306-88C3-4641-B56A-A2474408B8BA} = {28B16595-640D-445C-87AB-301421470F5D}
		{9EBED694-BB05-4F10-97EB-87C9A7E8D1F8} = {28B16595-640D-445C-87AB-301421470F5D}
		{29264790-A62D-4AD6-8693-C43D0374C317} = {28B16595-640D-445C-87AB-301421470F5D}
		{D2F0AFA6-64CA-47B7-9893-3909E31B10D6} = {603C4769-1B63-48A4-83A3-210B5E1E9254}
		{DBC32A89-D445-45B6-8A1A-73D14DCF0554} = {603C4769-1B63-48A4-83A3-210B5E1E9254}
		{E664A1F4-103C-44F3-BD3C-DE4E2AA05A85} = {603C4769-1B63-48A4-83A3-210B5E1E9254}
		{AFC79C7A-1E87-4A2C-BB27-06A9394F6B4A} = {603C4769-1B63-48A4-83A3-210B5E1E9254}
		{EC3DE538-9402-4825-9CCC-87C5AD2F2AC1} = {9EBED694-BB05-4F10-97EB-87C9A7E8D1F8}
	EndGlobalSection
	GlobalSection(ExtensibilityGlobals) = postSolution
		SolutionGuid = {0BFB4D70-652C-4DD3-A80F-6092382370F9}
	EndGlobalSection
EndGlobal
